
Microsoft Visual Studio Solution File, Format Version 12.00
# Visual Studio Version 16
VisualStudioVersion = 16.0.29311.281
MinimumVisualStudioVersion = 10.0.40219.1
Project("{FAE04EC0-301F-11D3-BF4B-00C04F79EFBC}") = "contact-list", "contact-list.csproj", "{A24F32AE-B80F-49A1-9D11-E5A3D0631F51}"
EndProject
Global
	GlobalSection(SolutionConfigurationPlatforms) = preSolution
		Debug|Any CPU = Debug|Any CPU
		Release|Any CPU = Release|Any CPU
	EndGlobalSection
	GlobalSection(ProjectConfigurationPlatforms) = postSolution
		{A24F32AE-B80F-49A1-9D11-E5A3D0631F51}.Debug|Any CPU.ActiveCfg = Debug|Any CPU
		{A24F32AE-B80F-49A1-9D11-E5A3D0631F51}.Debug|Any CPU.Build.0 = Debug|Any CPU
		{A24F32AE-B80F-49A1-9D11-E5A3D0631F51}.Release|Any CPU.ActiveCfg = Release|Any CPU
		{A24F32AE-B80F-49A1-9D11-E5A3D0631F51}.Release|Any CPU.Build.0 = Release|Any CPU
	EndGlobalSection
	GlobalSection(SolutionProperties) = preSolution
		HideSolutionNode = FALSE
	EndGlobalSection
	GlobalSection(ExtensibilityGlobals) = postSolution
		SolutionGuid = {3698442D-D07B-47DC-BE91-628C1DB1DFA5}
	EndGlobalSection
EndGlobal
